Microsoft Visual Studio Solution File, Format Version 12.00
# Visual Studio 15
VisualStudioVersion = 15.0.26228.12
MinimumVisualStudioVersion = 10.0.40219.1
Project("{D954291E-2A0B-460D-934E-DC6B0785DB48}") = "DomstolsappFORM", "DomstolsappFORM\DomstolsappFORM.shproj", "{A167D864-E5CA-4C4E-8041-8C131CEBC7F4}"
EndProject
Project("{FAE04EC0-301F-11D3-BF4B-00C04F79EFBC}") = "DomstolsappFORM.iOS", "iOS\DomstolsappFORM.iOS.csproj", "{EBF151FC-FA4F-4776-9A0A-CA39EAF7EAE6}"
EndProject
Project("{FAE04EC0-301F-11D3-BF4B-00C04F79EFBC}") = "DomstolsappFORM.Android", "DomstolsappFORM.Android\DomstolsappFORM.Android.csproj", "{716D78E7-D7F9-491B-9BA7-6178FB70EE26}"
EndProject
Global
	GlobalSection(SharedMSBuildProjectFiles) = preSolution
		DomstolsappFORM\DomstolsappFORM.projitems*{716d78e7-d7f9-491b-9ba7-6178fb70ee26}*SharedItemsImports = 4
		DomstolsappFORM\DomstolsappFORM.projitems*{a167d864-e5ca-4c4e-8041-8c131cebc7f4}*SharedItemsImports = 13
		DomstolsappFORM\DomstolsappFORM.projitems*{ebf151fc-fa4f-4776-9a0a-ca39eaf7eae6}*SharedItemsImports = 4
	EndGlobalSection
	GlobalSection(SolutionConfigurationPlatforms) = preSolution
		Debug|iPhone = Debug|iPhone
		Debug|iPhoneSimulator = Debug|iPhoneSimulator
		Release|iPhone = Release|iPhone
		Release|iPhoneSimulator = Release|iPhoneSimulator
	EndGlobalSection
	GlobalSection(ProjectConfigurationPlatforms) = postSolution
		{EBF151FC-FA4F-4776-9A0A-CA39EAF7EAE6}.Debug|iPhone.ActiveCfg = Debug|iPhone
		{EBF151FC-FA4F-4776-9A0A-CA39EAF7EAE6}.Debug|iPhone.Build.0 = Debug|iPhone
		{EBF151FC-FA4F-4776-9A0A-CA39EAF7EAE6}.Debug|iPhoneSimulator.ActiveCfg = Debug|iPhoneSimulator
		{EBF151FC-FA4F-4776-9A0A-CA39EAF7EAE6}.Debug|iPhoneSimulator.Build.0 = Debug|iPhoneSimulator
		{EBF151FC-FA4F-4776-9A0A-CA39EAF7EAE6}.Release|iPhone.ActiveCfg = Release|iPhone
		{EBF151FC-FA4F-4776-9A0A-CA39EAF7EAE6}.Release|iPhone.Build.0 = Release|iPhone
		{EBF151FC-FA4F-4776-9A0A-CA39EAF7EAE6}.Release|iPhoneSimulator.ActiveCfg = Release|iPhoneSimulator
		{EBF151FC-FA4F-4776-9A0A-CA39EAF7EAE6}.Release|iPhoneSimulator.Build.0 = Release|iPhoneSimulator
		{716D78E7-D7F9-491B-9BA7-6178FB70EE26}.Debug|iPhone.ActiveCfg = Debug|Any CPU
		{716D78E7-D7F9-491B-9BA7-6178FB70EE26}.Debug|iPhone.Build.0 = Debug|Any CPU
		{716D78E7-D7F9-491B-9BA7-6178FB70EE26}.Debug|iPhoneSimulator.ActiveCfg = Debug|Any CPU
		{716D78E7-D7F9-491B-9BA7-6178FB70EE26}.Debug|iPhoneSimulator.Build.0 = Debug|Any CPU
		{716D78E7-D7F9-491B-9BA7-6178FB70EE26}.Release|iPhone.ActiveCfg = Release|Any CPU
		{716D78E7-D7F9-491B-9BA7-6178FB70EE26}.Release|iPhone.Build.0 = Release|Any CPU
		{716D78E7-D7F9-491B-9BA7-6178FB70EE26}.Release|iPhoneSimulator.ActiveCfg = Release|Any CPU
		{716D78E7-D7F9-491B-9BA7-6178FB70EE26}.Release|iPhoneSimulator.Build.0 = Release|Any CPU
	EndGlobalSection
	GlobalSection(SolutionProperties) = preSolution
		HideSolutionNode = FALSE
	EndGlobalSection
EndGlobal
