
Microsoft Visual Studio Solution File, Format Version 12.00
# Visual Studio 2012
Project("{D954291E-2A0B-460D-934E-DC6B0785DB48}") = "DomstolsappFORM", "DomstolsappFORM\DomstolsappFORM.shproj", "{A167D864-E5CA-4C4E-8041-8C131CEBC7F4}"
EndProject
Project("{FAE04EC0-301F-11D3-BF4B-00C04F79EFBC}") = "DomstolsappFORM.iOS", "iOS\DomstolsappFORM.iOS.csproj", "{EBF151FC-FA4F-4776-9A0A-CA39EAF7EAE6}"
EndProject
Global
	GlobalSection(SolutionConfigurationPlatforms) = preSolution
		Debug|iPhoneSimulator = Debug|iPhoneSimulator
		Release|iPhone = Release|iPhone
		Release|iPhoneSimulator = Release|iPhoneSimulator
		Debug|iPhone = Debug|iPhone
	EndGlobalSection
	GlobalSection(ProjectConfigurationPlatforms) = postSolution
		{EBF151FC-FA4F-4776-9A0A-CA39EAF7EAE6}.Debug|iPhoneSimulator.ActiveCfg = Debug|iPhoneSimulator
		{EBF151FC-FA4F-4776-9A0A-CA39EAF7EAE6}.Debug|iPhoneSimulator.Build.0 = Debug|iPhoneSimulator
		{EBF151FC-FA4F-4776-9A0A-CA39EAF7EAE6}.Release|iPhone.ActiveCfg = Release|iPhone
		{EBF151FC-FA4F-4776-9A0A-CA39EAF7EAE6}.Release|iPhone.Build.0 = Release|iPhone
		{EBF151FC-FA4F-4776-9A0A-CA39EAF7EAE6}.Release|iPhoneSimulator.ActiveCfg = Release|iPhoneSimulator
		{EBF151FC-FA4F-4776-9A0A-CA39EAF7EAE6}.Release|iPhoneSimulator.Build.0 = Release|iPhoneSimulator
		{EBF151FC-FA4F-4776-9A0A-CA39EAF7EAE6}.Debug|iPhone.ActiveCfg = Debug|iPhone
		{EBF151FC-FA4F-4776-9A0A-CA39EAF7EAE6}.Debug|iPhone.Build.0 = Debug|iPhone
	EndGlobalSection
EndGlobal
