
Microsoft Visual Studio Solution File, Format Version 12.00
# Visual Studio 15
VisualStudioVersion = 15.0.26228.12
MinimumVisualStudioVersion = 10.0.40219.1
Project("{D954291E-2A0B-460D-934E-DC6B0785DB48}") = "domstolsApp", "domstolsApp\domstolsApp\domstolsApp.shproj", "{B85B3758-05CB-4A90-8C28-4B52C752AD28}"
EndProject
Project("{FAE04EC0-301F-11D3-BF4B-00C04F79EFBC}") = "domstolsApp.Android", "domstolsApp\domstolsApp.Android\domstolsApp.Android.csproj", "{AF3EE61B-D482-47AF-8F89-E142293FA003}"
EndProject
Project("{FAE04EC0-301F-11D3-BF4B-00C04F79EFBC}") = "domstolsApp.iOS", "domstolsApp\domstolsApp.iOS\domstolsApp.iOS.csproj", "{11423CA7-ED8A-4DB9-92B7-2BBB924C5622}"
EndProject
Global
	GlobalSection(SharedMSBuildProjectFiles) = preSolution
		domstolsApp\domstolsApp\domstolsApp.projitems*{11423ca7-ed8a-4db9-92b7-2bbb924c5622}*SharedItemsImports = 4
		domstolsApp\domstolsApp\domstolsApp.projitems*{af3ee61b-d482-47af-8f89-e142293fa003}*SharedItemsImports = 4
		domstolsApp\domstolsApp\domstolsApp.projitems*{b85b3758-05cb-4a90-8c28-4b52c752ad28}*SharedItemsImports = 13
	EndGlobalSection
	GlobalSection(SolutionConfigurationPlatforms) = preSolution
		Ad-Hoc|Any CPU = Ad-Hoc|Any CPU
		Ad-Hoc|iPhone = Ad-Hoc|iPhone
		Ad-Hoc|iPhoneSimulator = Ad-Hoc|iPhoneSimulator
		AppStore|Any CPU = AppStore|Any CPU
		AppStore|iPhone = AppStore|iPhone
		AppStore|iPhoneSimulator = AppStore|iPhoneSimulator
		Debug|Any CPU = Debug|Any CPU
		Debug|iPhone = Debug|iPhone
		Debug|iPhoneSimulator = Debug|iPhoneSimulator
		Release|Any CPU = Release|Any CPU
		Release|iPhone = Release|iPhone
		Release|iPhoneSimulator = Release|iPhoneSimulator
	EndGlobalSection
	GlobalSection(ProjectConfigurationPlatforms) = postSolution
		{AF3EE61B-D482-47AF-8F89-E142293FA003}.Ad-Hoc|Any CPU.ActiveCfg = Release|Any CPU
		{AF3EE61B-D482-47AF-8F89-E142293FA003}.Ad-Hoc|Any CPU.Build.0 = Release|Any CPU
		{AF3EE61B-D482-47AF-8F89-E142293FA003}.Ad-Hoc|Any CPU.Deploy.0 = Release|Any CPU
		{AF3EE61B-D482-47AF-8F89-E142293FA003}.Ad-Hoc|iPhone.ActiveCfg = Release|Any CPU
		{AF3EE61B-D482-47AF-8F89-E142293FA003}.Ad-Hoc|iPhone.Build.0 = Release|Any CPU
		{AF3EE61B-D482-47AF-8F89-E142293FA003}.Ad-Hoc|iPhone.Deploy.0 = Release|Any CPU
		{AF3EE61B-D482-47AF-8F89-E142293FA003}.Ad-Hoc|iPhoneSimulator.ActiveCfg = Release|Any CPU
		{AF3EE61B-D482-47AF-8F89-E142293FA003}.Ad-Hoc|iPhoneSimulator.Build.0 = Release|Any CPU
		{AF3EE61B-D482-47AF-8F89-E142293FA003}.Ad-Hoc|iPhoneSimulator.Deploy.0 = Release|Any CPU
		{AF3EE61B-D482-47AF-8F89-E142293FA003}.AppStore|Any CPU.ActiveCfg = Release|Any CPU
		{AF3EE61B-D482-47AF-8F89-E142293FA003}.AppStore|Any CPU.Build.0 = Release|Any CPU
		{AF3EE61B-D482-47AF-8F89-E142293FA003}.AppStore|Any CPU.Deploy.0 = Release|Any CPU
		{AF3EE61B-D482-47AF-8F89-E142293FA003}.AppStore|iPhone.ActiveCfg = Release|Any CPU
		{AF3EE61B-D482-47AF-8F89-E142293FA003}.AppStore|iPhone.Build.0 = Release|Any CPU
		{AF3EE61B-D482-47AF-8F89-E142293FA003}.AppStore|iPhone.Deploy.0 = Release|Any CPU
		{AF3EE61B-D482-47AF-8F89-E142293FA003}.AppStore|iPhoneSimulator.ActiveCfg = Release|Any CPU
		{AF3EE61B-D482-47AF-8F89-E142293FA003}.AppStore|iPhoneSimulator.Build.0 = Release|Any CPU
		{AF3EE61B-D482-47AF-8F89-E142293FA003}.AppStore|iPhoneSimulator.Deploy.0 = Release|Any CPU
		{AF3EE61B-D482-47AF-8F89-E142293FA003}.Debug|Any CPU.ActiveCfg = Debug|Any CPU
		{AF3EE61B-D482-47AF-8F89-E142293FA003}.Debug|Any CPU.Build.0 = Debug|Any CPU
		{AF3EE61B-D482-47AF-8F89-E142293FA003}.Debug|Any CPU.Deploy.0 = Debug|Any CPU
		{AF3EE61B-D482-47AF-8F89-E142293FA003}.Debug|iPhone.ActiveCfg = Debug|Any CPU
		{AF3EE61B-D482-47AF-8F89-E142293FA003}.Debug|iPhone.Build.0 = Debug|Any CPU
		{AF3EE61B-D482-47AF-8F89-E142293FA003}.Debug|iPhone.Deploy.0 = Debug|Any CPU
		{AF3EE61B-D482-47AF-8F89-E142293FA003}.Debug|iPhoneSimulator.ActiveCfg = Debug|Any CPU
		{AF3EE61B-D482-47AF-8F89-E142293FA003}.Debug|iPhoneSimulator.Build.0 = Debug|Any CPU
		{AF3EE61B-D482-47AF-8F89-E142293FA003}.Debug|iPhoneSimulator.Deploy.0 = Debug|Any CPU
		{AF3EE61B-D482-47AF-8F89-E142293FA003}.Release|Any CPU.ActiveCfg = Release|Any CPU
		{AF3EE61B-D482-47AF-8F89-E142293FA003}.Release|Any CPU.Build.0 = Release|Any CPU
		{AF3EE61B-D482-47AF-8F89-E142293FA003}.Release|Any CPU.Deploy.0 = Release|Any CPU
		{AF3EE61B-D482-47AF-8F89-E142293FA003}.Release|iPhone.ActiveCfg = Release|Any CPU
		{AF3EE61B-D482-47AF-8F89-E142293FA003}.Release|iPhone.Build.0 = Release|Any CPU
		{AF3EE61B-D482-47AF-8F89-E142293FA003}.Release|iPhone.Deploy.0 = Release|Any CPU
		{AF3EE61B-D482-47AF-8F89-E142293FA003}.Release|iPhoneSimulator.ActiveCfg = Release|Any CPU
		{AF3EE61B-D482-47AF-8F89-E142293FA003}.Release|iPhoneSimulator.Build.0 = Release|Any CPU
		{AF3EE61B-D482-47AF-8F89-E142293FA003}.Release|iPhoneSimulator.Deploy.0 = Release|Any CPU
		{11423CA7-ED8A-4DB9-92B7-2BBB924C5622}.Ad-Hoc|Any CPU.ActiveCfg = Ad-Hoc|iPhone
		{11423CA7-ED8A-4DB9-92B7-2BBB924C5622}.Ad-Hoc|iPhone.ActiveCfg = Ad-Hoc|iPhone
		{11423CA7-ED8A-4DB9-92B7-2BBB924C5622}.Ad-Hoc|iPhone.Build.0 = Ad-Hoc|iPhone
		{11423CA7-ED8A-4DB9-92B7-2BBB924C5622}.Ad-Hoc|iPhoneSimulator.ActiveCfg = Ad-Hoc|iPhoneSimulator
		{11423CA7-ED8A-4DB9-92B7-2BBB924C5622}.Ad-Hoc|iPhoneSimulator.Build.0 = Ad-Hoc|iPhoneSimulator
		{11423CA7-ED8A-4DB9-92B7-2BBB924C5622}.AppStore|Any CPU.ActiveCfg = AppStore|iPhone
		{11423CA7-ED8A-4DB9-92B7-2BBB924C5622}.AppStore|iPhone.ActiveCfg = AppStore|iPhone
		{11423CA7-ED8A-4DB9-92B7-2BBB924C5622}.AppStore|iPhone.Build.0 = AppStore|iPhone
		{11423CA7-ED8A-4DB9-92B7-2BBB924C5622}.AppStore|iPhoneSimulator.ActiveCfg = AppStore|iPhoneSimulator
		{11423CA7-ED8A-4DB9-92B7-2BBB924C5622}.AppStore|iPhoneSimulator.Build.0 = AppStore|iPhoneSimulator
		{11423CA7-ED8A-4DB9-92B7-2BBB924C5622}.Debug|Any CPU.ActiveCfg = Debug|iPhone
		{11423CA7-ED8A-4DB9-92B7-2BBB924C5622}.Debug|iPhone.ActiveCfg = Debug|iPhone
		{11423CA7-ED8A-4DB9-92B7-2BBB924C5622}.Debug|iPhone.Build.0 = Debug|iPhone
		{11423CA7-ED8A-4DB9-92B7-2BBB924C5622}.Debug|iPhoneSimulator.ActiveCfg = Debug|iPhoneSimulator
		{11423CA7-ED8A-4DB9-92B7-2BBB924C5622}.Debug|iPhoneSimulator.Build.0 = Debug|iPhoneSimulator
		{11423CA7-ED8A-4DB9-92B7-2BBB924C5622}.Release|Any CPU.ActiveCfg = Release|iPhone
		{11423CA7-ED8A-4DB9-92B7-2BBB924C5622}.Release|iPhone.ActiveCfg = Release|iPhone
		{11423CA7-ED8A-4DB9-92B7-2BBB924C5622}.Release|iPhone.Build.0 = Release|iPhone
		{11423CA7-ED8A-4DB9-92B7-2BBB924C5622}.Release|iPhoneSimulator.ActiveCfg = Release|iPhoneSimulator
		{11423CA7-ED8A-4DB9-92B7-2BBB924C5622}.Release|iPhoneSimulator.Build.0 = Release|iPhoneSimulator
	EndGlobalSection
	GlobalSection(SolutionProperties) = preSolution
		HideSolutionNode = FALSE
	EndGlobalSection
EndGlobal
